
Microsoft Visual Studio Solution File, Format Version 12.00
# Visual Studio Version 16
VisualStudioVersion = 16.0.31605.320
MinimumVisualStudioVersion = 10.0.40219.1
Project("{8BC9CEB8-8B4A-11D0-8D11-00A0C91BC942}") = "render", "render\render.vcxproj", "{04D05156-5164-4EC4-9392-0F83E8592465}"
EndProject
Project("{FAE04EC0-301F-11D3-BF4B-00C04F79EFBC}") = "PhysEngine", "Application\PhysEngine.csproj", "{473F3EC0-38E7-444A-9EC0-24DE30AF3E46}"
	ProjectSection(ProjectDependencies) = postProject
		{04D05156-5164-4EC4-9392-0F83E8592465} = {04D05156-5164-4EC4-9392-0F83E8592465}
	EndProjectSection
EndProject
Global
	GlobalSection(SolutionConfigurationPlatforms) = preSolution
		Debug|Any CPU = Debug|Any CPU
		Debug|x64 = Debug|x64
		Debug|x86 = Debug|x86
		Release|Any CPU = Release|Any CPU
		Release|x64 = Release|x64
		Release|x86 = Release|x86
	EndGlobalSection
	GlobalSection(ProjectConfigurationPlatforms) = postSolution
		{04D05156-5164-4EC4-9392-0F83E8592465}.Debug|Any CPU.ActiveCfg = Debug|Win32
		{04D05156-5164-4EC4-9392-0F83E8592465}.Debug|x64.ActiveCfg = Release|x64
		{04D05156-5164-4EC4-9392-0F83E8592465}.Debug|x64.Build.0 = Release|x64
		{04D05156-5164-4EC4-9392-0F83E8592465}.Debug|x86.ActiveCfg = Debug|Win32
		{04D05156-5164-4EC4-9392-0F83E8592465}.Debug|x86.Build.0 = Debug|Win32
		{04D05156-5164-4EC4-9392-0F83E8592465}.Release|Any CPU.ActiveCfg = Release|Win32
		{04D05156-5164-4EC4-9392-0F83E8592465}.Release|x64.ActiveCfg = Release|x64
		{04D05156-5164-4EC4-9392-0F83E8592465}.Release|x64.Build.0 = Release|x64
		{04D05156-5164-4EC4-9392-0F83E8592465}.Release|x86.ActiveCfg = Release|Win32
		{04D05156-5164-4EC4-9392-0F83E8592465}.Release|x86.Build.0 = Release|Win32
		{473F3EC0-38E7-444A-9EC0-24DE30AF3E46}.Debug|Any CPU.ActiveCfg = Debug|Any CPU
		{473F3EC0-38E7-444A-9EC0-24DE30AF3E46}.Debug|Any CPU.Build.0 = Debug|Any CPU
		{473F3EC0-38E7-444A-9EC0-24DE30AF3E46}.Debug|x64.ActiveCfg = Release|Any CPU
		{473F3EC0-38E7-444A-9EC0-24DE30AF3E46}.Debug|x64.Build.0 = Release|Any CPU
		{473F3EC0-38E7-444A-9EC0-24DE30AF3E46}.Debug|x86.ActiveCfg = Debug|Any CPU
		{473F3EC0-38E7-444A-9EC0-24DE30AF3E46}.Debug|x86.Build.0 = Debug|Any CPU
		{473F3EC0-38E7-444A-9EC0-24DE30AF3E46}.Release|Any CPU.ActiveCfg = Release|Any CPU
		{473F3EC0-38E7-444A-9EC0-24DE30AF3E46}.Release|Any CPU.Build.0 = Release|Any CPU
		{473F3EC0-38E7-444A-9EC0-24DE30AF3E46}.Release|x64.ActiveCfg = Release|Any CPU
		{473F3EC0-38E7-444A-9EC0-24DE30AF3E46}.Release|x64.Build.0 = Release|Any CPU
		{473F3EC0-38E7-444A-9EC0-24DE30AF3E46}.Release|x86.ActiveCfg = Release|Any CPU
		{473F3EC0-38E7-444A-9EC0-24DE30AF3E46}.Release|x86.Build.0 = Release|Any CPU
	EndGlobalSection
	GlobalSection(SolutionProperties) = preSolution
		HideSolutionNode = FALSE
	EndGlobalSection
	GlobalSection(ExtensibilityGlobals) = postSolution
		SolutionGuid = {14A991FB-A01E-48A6-823D-885782D13FFA}
	EndGlobalSection
EndGlobal
